
Microsoft Visual Studio Solution File, Format Version 12.00
# Visual Studio Version 17
VisualStudioVersion = 17.7.34024.191
MinimumVisualStudioVersion = 10.0.40219.1
Project("{FAE04EC0-301F-11D3-BF4B-00C04F79EFBC}") = "1803RangerCalllouts", "1803RangerCalllouts.csproj", "{271B021A-C46F-497B-957C-0E010B2E38F4}"
EndProject
Global
	GlobalSection(SolutionConfigurationPlatforms) = preSolution
		Debug|Any CPU = Debug|Any CPU
		Release|Any CPU = Release|Any CPU
	EndGlobalSection
	GlobalSection(ProjectConfigurationPlatforms) = postSolution
		{271B021A-C46F-497B-957C-0E010B2E38F4}.Debug|Any CPU.ActiveCfg = Debug|Any CPU
		{271B021A-C46F-497B-957C-0E010B2E38F4}.Debug|Any CPU.Build.0 = Debug|Any CPU
		{271B021A-C46F-497B-957C-0E010B2E38F4}.Release|Any CPU.ActiveCfg = Release|Any CPU
		{271B021A-C46F-497B-957C-0E010B2E38F4}.Release|Any CPU.Build.0 = Release|Any CPU
	EndGlobalSection
	GlobalSection(SolutionProperties) = preSolution
		HideSolutionNode = FALSE
	EndGlobalSection
	GlobalSection(ExtensibilityGlobals) = postSolution
		SolutionGuid = {AB2358E4-C683-4101-98C6-D3C08DF75DE2}
	EndGlobalSection
EndGlobal
